
Microsoft Visual Studio Solution File, Format Version 12.00
# Visual Studio 15
VisualStudioVersion = 15.0.28010.2048
MinimumVisualStudioVersion = 10.0.40219.1
Project("{FAE04EC0-301F-11D3-BF4B-00C04F79EFBC}") = "MvcMusicStore", "MvcMusicStore\MvcMusicStore.csproj", "{97EE3CB3-4FAC-4030-9902-E337AC4717AA}"
EndProject
Project("{FAE04EC0-301F-11D3-BF4B-00C04F79EFBC}") = "MvcMusicStore.Tests", "MvcMusicStore.Tests\MvcMusicStore.Tests.csproj", "{2E49ED41-B275-4AD9-8E50-8C5E9FEF68EC}"
EndProject
Global
	GlobalSection(SolutionConfigurationPlatforms) = preSolution
		Debug|Any CPU = Debug|Any CPU
		Release|Any CPU = Release|Any CPU
	EndGlobalSection
	GlobalSection(ProjectConfigurationPlatforms) = postSolution
		{97EE3CB3-4FAC-4030-9902-E337AC4717AA}.Debug|Any CPU.ActiveCfg = Debug|Any CPU
		{97EE3CB3-4FAC-4030-9902-E337AC4717AA}.Debug|Any CPU.Build.0 = Debug|Any CPU
		{97EE3CB3-4FAC-4030-9902-E337AC4717AA}.Release|Any CPU.ActiveCfg = Release|Any CPU
		{97EE3CB3-4FAC-4030-9902-E337AC4717AA}.Release|Any CPU.Build.0 = Release|Any CPU
		{2E49ED41-B275-4AD9-8E50-8C5E9FEF68EC}.Debug|Any CPU.ActiveCfg = Debug|Any CPU
		{2E49ED41-B275-4AD9-8E50-8C5E9FEF68EC}.Debug|Any CPU.Build.0 = Debug|Any CPU
		{2E49ED41-B275-4AD9-8E50-8C5E9FEF68EC}.Release|Any CPU.ActiveCfg = Release|Any CPU
		{2E49ED41-B275-4AD9-8E50-8C5E9FEF68EC}.Release|Any CPU.Build.0 = Release|Any CPU
	EndGlobalSection
	GlobalSection(SolutionProperties) = preSolution
		HideSolutionNode = FALSE
	EndGlobalSection
	GlobalSection(ExtensibilityGlobals) = postSolution
		SolutionGuid = {5ADA3952-A392-4D47-90A7-2B189B0A0E08}
	EndGlobalSection
EndGlobal
